
Microsoft Visual Studio Solution File, Format Version 12.00
# Visual Studio Version 17
VisualStudioVersion = 17.0.31912.275
MinimumVisualStudioVersion = 10.0.40219.1
Project("{FAE04EC0-301F-11D3-BF4B-00C04F79EFBC}") = "LuYao.TlsClient", "src\LuYao.TlsClient\LuYao.TlsClient.csproj", "{BCB1E54E-7A99-487E-BC1E-FD4D3E5EB5C3}"
EndProject
Project("{9A19103F-16F7-4668-BE54-9A1E7A4F7556}") = "_build", "build\_build.csproj", "{AA716A97-95E0-4763-9037-85ED7DAEC130}"
EndProject
Global
	GlobalSection(SolutionConfigurationPlatforms) = preSolution
		Debug|Any CPU = Debug|Any CPU
		Release|Any CPU = Release|Any CPU
	EndGlobalSection
	GlobalSection(ProjectConfigurationPlatforms) = postSolution
		{AA716A97-95E0-4763-9037-85ED7DAEC130}.Debug|Any CPU.ActiveCfg = Debug|Any CPU
		{AA716A97-95E0-4763-9037-85ED7DAEC130}.Release|Any CPU.ActiveCfg = Release|Any CPU
		{BCB1E54E-7A99-487E-BC1E-FD4D3E5EB5C3}.Debug|Any CPU.ActiveCfg = Debug|Any CPU
		{BCB1E54E-7A99-487E-BC1E-FD4D3E5EB5C3}.Debug|Any CPU.Build.0 = Debug|Any CPU
		{BCB1E54E-7A99-487E-BC1E-FD4D3E5EB5C3}.Release|Any CPU.ActiveCfg = Release|Any CPU
		{BCB1E54E-7A99-487E-BC1E-FD4D3E5EB5C3}.Release|Any CPU.Build.0 = Release|Any CPU
	EndGlobalSection
	GlobalSection(SolutionProperties) = preSolution
		HideSolutionNode = FALSE
	EndGlobalSection
	GlobalSection(ExtensibilityGlobals) = postSolution
		SolutionGuid = {0F44A42A-B330-4A0A-9736-8BC6D6951F21}
	EndGlobalSection
EndGlobal
